
Microsoft Visual Studio Solution File, Format Version 12.00
# Visual Studio Version 17
VisualStudioVersion = 17.7.34202.233
MinimumVisualStudioVersion = 10.0.40219.1
Project("{9A19103F-16F7-4668-BE54-9A1E7A4F7556}") = "Sonlar", "case\Sonlar.csproj", "{3CBFDAD2-2AD6-4D68-857B-548D53F68309}"
EndProject
Global
	GlobalSection(SolutionConfigurationPlatforms) = preSolution
		Debug|Any CPU = Debug|Any CPU
		Release|Any CPU = Release|Any CPU
	EndGlobalSection
	GlobalSection(ProjectConfigurationPlatforms) = postSolution
		{3CBFDAD2-2AD6-4D68-857B-548D53F68309}.Debug|Any CPU.ActiveCfg = Debug|Any CPU
		{3CBFDAD2-2AD6-4D68-857B-548D53F68309}.Debug|Any CPU.Build.0 = Debug|Any CPU
		{3CBFDAD2-2AD6-4D68-857B-548D53F68309}.Release|Any CPU.ActiveCfg = Release|Any CPU
		{3CBFDAD2-2AD6-4D68-857B-548D53F68309}.Release|Any CPU.Build.0 = Release|Any CPU
	EndGlobalSection
	GlobalSection(SolutionProperties) = preSolution
		HideSolutionNode = FALSE
	EndGlobalSection
	GlobalSection(ExtensibilityGlobals) = postSolution
		SolutionGuid = {4711C3DC-9F65-4F51-8828-1CC6AE4C93FE}
	EndGlobalSection
EndGlobal
